
Microsoft Visual Studio Solution File, Format Version 11.00
# Visual Studio 2010
Project("{FAE04EC0-301F-11D3-BF4B-00C04F79EFBC}") = "Dragon", "Dragon\Dragon.csproj", "{B87C4CDD-071A-4106-910E-681B99A56C7A}"
EndProject
Project("{FAE04EC0-301F-11D3-BF4B-00C04F79EFBC}") = "Dragon.Tests", "Dragon.Tests\Dragon.Tests.csproj", "{EA164ADA-EF32-4AD6-A267-0C2913584495}"
EndProject
Project("{2150E333-8FDC-42A3-9474-1A3956D46DE8}") = "Solution Items", "Solution Items", "{5F2C2E86-472F-4B0C-BCF9-655DCFE2AB26}"
	ProjectSection(SolutionItems) = preProject
		Dragon Solution.vsmdi = Dragon Solution.vsmdi
		Local.testsettings = Local.testsettings
		README.md = README.md
		TraceAndTestImpact.testsettings = TraceAndTestImpact.testsettings
	EndProjectSection
EndProject
Global
	GlobalSection(TestCaseManagementSettings) = postSolution
		CategoryFile = Dragon Solution.vsmdi
	EndGlobalSection
	GlobalSection(SolutionConfigurationPlatforms) = preSolution
		Debug|Any CPU = Debug|Any CPU
		Release|Any CPU = Release|Any CPU
	EndGlobalSection
	GlobalSection(ProjectConfigurationPlatforms) = postSolution
		{B87C4CDD-071A-4106-910E-681B99A56C7A}.Debug|Any CPU.ActiveCfg = Debug|Any CPU
		{B87C4CDD-071A-4106-910E-681B99A56C7A}.Debug|Any CPU.Build.0 = Debug|Any CPU
		{B87C4CDD-071A-4106-910E-681B99A56C7A}.Release|Any CPU.ActiveCfg = Release|Any CPU
		{B87C4CDD-071A-4106-910E-681B99A56C7A}.Release|Any CPU.Build.0 = Release|Any CPU
		{EA164ADA-EF32-4AD6-A267-0C2913584495}.Debug|Any CPU.ActiveCfg = Debug|Any CPU
		{EA164ADA-EF32-4AD6-A267-0C2913584495}.Debug|Any CPU.Build.0 = Debug|Any CPU
		{EA164ADA-EF32-4AD6-A267-0C2913584495}.Release|Any CPU.ActiveCfg = Release|Any CPU
		{EA164ADA-EF32-4AD6-A267-0C2913584495}.Release|Any CPU.Build.0 = Release|Any CPU
	EndGlobalSection
	GlobalSection(SolutionProperties) = preSolution
		HideSolutionNode = FALSE
	EndGlobalSection
EndGlobal
